# This file is autogenerated, do not edit; changes may be undone by the next 'dep ensure'.


[[projects]]
  name = "github.com/rs/zerolog"
  packages = [
    ".",
    "internal/cbor",
    "internal/json"
  ]
  revision = "05eafee0eb17d0150591a8f30f0fa592cc9b7471"
  version = "v1.6.0"

[[projects]]
  name = "github.com/ullaakut/gonx"
  packages = ["."]
  revision = "f1c51f19b2b87faac9db82567fa41165c31edc7d"
  version = "v1.3.0"

[solve-meta]
  analyzer-name = "dep"
  analyzer-version = 1
  inputs-digest = "5ad852c2eaeffe5cb641510da1a4c7f3eaeef5e2ff5f4e345b82955a238bee55"
  solver-name = "gps-cdcl"
  solver-version = 1
